# This file is automatically @generated by Poetry 1.5.1 and should not be changed by hand.

[[package]]
name = "bjoern"
version = "3.2.2"
description = "A screamingly fast Python 2 + 3 WSGI server written in C."
optional = false
python-versions = "*"
files = [
    {file = "bjoern-3.2.2.tar.gz", hash = "sha256:16e5a02a9a17a7f5f8bea0d7c58650e78ab80ead6fe3e390037573d4355baf31"},
]

[[package]]
name = "bottle"
version = "0.12.25"
description = "Fast and simple WSGI-framework for small web-applications."
optional = false
python-versions = "*"
files = [
    {file = "bottle-0.12.25-py3-none-any.whl", hash = "sha256:d6f15f9d422670b7c073d63bd8d287b135388da187a0f3e3c19293626ce034ea"},
    {file = "bottle-0.12.25.tar.gz", hash = "sha256:e1a9c94970ae6d710b3fb4526294dfeb86f2cb4a81eff3a4b98dc40fb0e5e021"},
]

[[package]]
name = "python-decouple"
version = "3.8"
description = "Strict separation of settings from code."
optional = false
python-versions = "*"
files = [
    {file = "python-decouple-3.8.tar.gz", hash = "sha256:ba6e2657d4f376ecc46f77a3a615e058d93ba5e465c01bbe57289bfb7cce680f"},
    {file = "python_decouple-3.8-py3-none-any.whl", hash = "sha256:d0d45340815b25f4de59c974b855bb38d03151d81b037d9e3f463b0c9f8cbd66"},
]

[[package]]
name = "uuid"
version = "1.30"
description = "UUID object and generation functions (Python 2.3 or higher)"
optional = false
python-versions = "*"
files = [
    {file = "uuid-1.30.tar.gz", hash = "sha256:1f87cc004ac5120466f36c5beae48b4c48cc411968eed0eaecd3da82aa96193f"},
]

[[package]]
name = "webptools"
version = "0.0.9"
description = "webptools is a Webp image conversion package for python"
optional = false
python-versions = "*"
files = [
    {file = "webptools-0.0.9.tar.gz", hash = "sha256:7393b53dc6b7bb38294a93ec5d82e009cb0160eec749bf1f53249c81fba63918"},
]

[package.dependencies]
uuid = "*"

[metadata]
lock-version = "2.0"
python-versions = "^3.11"
content-hash = "7014b83cde1d2f64908b49d41e70a247bedbc7517f31a5fca7463f84e7b1ff36"
